{
    "_meta": {
        "hash": {
            "sha256": "909acb9cfdb3999adceb8886212661c2f0091a2758179a80cca6230fb226d715"
        },
        "pipfile-spec": 6,
        "requires": {
            "python_version": "3.8"
        },
        "sources": [
            {
                "name": "pypi",
                "url": "https://pypi.org/simple",
                "verify_ssl": true
            }
        ]
    },
    "default": {
        "pyqt5": {
            "hashes": [
                "sha256:33ced1c876f6a26e7899615a5a4efef2167c263488837c7beed023a64cebd051",
                "sha256:80343bcab95ffba619f2ed2467fd828ffeb0a251ad7225be5fc06dcc333af452",
                "sha256:9d2dcdaf82263ae56023410a7af15d1fd746c8e361733a7d0d1bd1f004ec2793",
                "sha256:9d6efad0377aa78bf081a20ac752ce86096ded18f04c592d98f5b92dc879ad0a",
                "sha256:f411ecda52e488e1d3c5cce7563e1b2ca9cf0b7531e3c25b03d9a7e56e07e7fc"
            ],
            "index": "pypi",
            "version": "==5.15.6"
        },
        "pyqt5-qt5": {
            "hashes": [
                "sha256:1988f364ec8caf87a6ee5d5a3a5210d57539988bf8e84714c7d60972692e2f4a",
                "sha256:750b78e4dba6bdf1607febedc08738e318ea09e9b10aea9ff0d73073f11f6962",
                "sha256:76980cd3d7ae87e3c7a33bfebfaee84448fd650bad6840471d6cae199b56e154",
                "sha256:9cc7a768b1921f4b982ebc00a318ccb38578e44e45316c7a4a850e953e1dd327"
            ],
            "version": "==5.15.2"
        },
        "pyqt5-sip": {
            "hashes": [
                "sha256:055581c6fed44ba4302b70eeb82e979ff70400037358908f251cd85cbb3dbd93",
                "sha256:0fc9aefacf502696710b36cdc9fa2a61487f55ee883dbcf2c2a6477e261546f7",
                "sha256:42274a501ab4806d2c31659170db14c282b8313d2255458064666d9e70d96206",
                "sha256:4347bd81d30c8e3181e553b3734f91658cfbdd8f1a19f254777f906870974e6d",
                "sha256:485972daff2fb0311013f471998f8ec8262ea381bded244f9d14edaad5f54271",
                "sha256:4f8e05fe01d54275877c59018d8e82dcdd0bc5696053a8b830eecea3ce806121",
                "sha256:69a3ad4259172e2b1aa9060de211efac39ddd734a517b1924d9c6c0cc4f55f96",
                "sha256:6a8701892a01a5a2a4720872361197cc80fdd5f49c8482d488ddf38c9c84f055",
                "sha256:6d5bca2fc222d58e8093ee8a81a6e3437067bb22bc3f86d06ec8be721e15e90a",
                "sha256:83c3220b1ca36eb8623ba2eb3766637b19eb0ce9f42336ad8253656d32750c0a",
                "sha256:a25b9843c7da6a1608f310879c38e6434331aab1dc2fe6cb65c14f1ecf33780e",
                "sha256:ac57d796c78117eb39edd1d1d1aea90354651efac9d3590aac67fa4983f99f1f",
                "sha256:b09f4cd36a4831229fb77c424d89635fa937d97765ec90685e2f257e56a2685a",
                "sha256:c446971c360a0a1030282a69375a08c78e8a61d568bfd6dab3dcc5cf8817f644",
                "sha256:c5216403d4d8d857ec4a61f631d3945e44fa248aa2415e9ee9369ab7c8a4d0c7",
                "sha256:d3e4489d7c2b0ece9d203ae66e573939f7f60d4d29e089c9f11daa17cfeaae32",
                "sha256:d59af63120d1475b2bf94fe8062610720a9be1e8940ea146c7f42bb449d49067",
                "sha256:d85002238b5180bce4b245c13d6face848faa1a7a9e5c6e292025004f2fd619a",
                "sha256:d8b2bdff7bbf45bc975c113a03b14fd669dc0c73e1327f02706666a7dd51a197",
                "sha256:dd05c768c2b55ffe56a9d49ce6cc77cdf3d53dbfad935258a9e347cbfd9a5850",
                "sha256:fc43f2d7c438517ee33e929e8ae77132749c15909afab6aeece5fcf4147ffdb5"
            ],
            "markers": "python_version >= '3.5'",
            "version": "==12.9.0"
        }
    },
    "develop": {
        "appdirs": {
            "hashes": [
                "sha256:7d5d0167b2b1ba821647616af46a749d1c653740dd0d2415100fe26e27afdf41",
                "sha256:a841dacd6b99318a741b166adb07e19ee71a274450e68237b4650ca1055ab128"
            ],
            "version": "==1.4.4"
        },
        "approvaltests": {
            "hashes": [
                "sha256:68ba6d282ce5577301fded1a6acae09c576d9ec7716c95f7ca29d11f9b6c3091",
                "sha256:c13241753c3d1d7710ec28997fa400ea3dd39042b49525a5c7bf31362db5705f"
            ],
            "index": "pypi",
            "version": "==3.0.0"
        },
        "attrs": {
            "hashes": [
                "sha256:149e90d6d8ac20db7a955ad60cf0e6881a3f20d37096140088356da6c716b0b1",
                "sha256:ef6aaac3ca6cd92904cdd0d83f629a15f18053ec84e6432106f7a4d04ae4f5fb"
            ],
            "markers": "python_version >= '2.7' and python_version not in '3.0, 3.1, 3.2, 3.3, 3.4'",
            "version": "==21.2.0"
        },
        "black": {
            "hashes": [
                "sha256:1c02557aa099101b9d21496f8a914e9ed2222ef70336404eeeac8edba836fbea"
            ],
            "index": "pypi",
            "version": "==20.8b1"
        },
        "click": {
            "hashes": [
                "sha256:353f466495adaeb40b6b5f592f9f91cb22372351c84caeb068132442a4518ef3",
                "sha256:410e932b050f5eed773c4cda94de75971c89cdb3155a72a0831139a79e5ecb5b"
            ],
            "markers": "python_version >= '3.6'",
            "version": "==8.0.3"
        },
        "coverage": {
            "extras": [
                "toml"
            ],
            "hashes": [
                "sha256:0147f7833c41927d84f5af9219d9b32f875c0689e5e74ac8ca3cb61e73a698f9",
                "sha256:04a92a6cf9afd99f9979c61348ec79725a9f9342fb45e63c889e33c04610d97b",
                "sha256:10ab138b153e4cc408b43792cb7f518f9ee02f4ff55cd1ab67ad6fd7e9905c7e",
                "sha256:2e5b9c17a56b8bf0c0a9477fcd30d357deb486e4e1b389ed154f608f18556c8a",
                "sha256:326d944aad0189603733d646e8d4a7d952f7145684da973c463ec2eefe1387c2",
                "sha256:359a32515e94e398a5c0fa057e5887a42e647a9502d8e41165cf5cb8d3d1ca67",
                "sha256:35cd2230e1ed76df7d0081a997f0fe705be1f7d8696264eb508076e0d0b5a685",
                "sha256:3b270c6b48d3ff5a35deb3648028ba2643ad8434b07836782b1139cf9c66313f",
                "sha256:42a1fb5dee3355df90b635906bb99126faa7936d87dfc97eacc5293397618cb7",
                "sha256:479228e1b798d3c246ac89b09897ee706c51b3e5f8f8d778067f38db73ccc717",
                "sha256:4cd919057636f63ab299ccb86ea0e78b87812400c76abab245ca385f17d19fb5",
                "sha256:4d8b453764b9b26b0dd2afb83086a7c3f9379134e340288d2a52f8a91592394b",
                "sha256:51a441011a30d693e71dea198b2a6f53ba029afc39f8e2aeb5b77245c1b282ef",
                "sha256:557594a50bfe3fb0b1b57460f6789affe8850ad19c1acf2d14a3e12b2757d489",
                "sha256:572f917267f363101eec375c109c9c1118037c7cc98041440b5eabda3185ac7b",
                "sha256:62512c0ec5d307f56d86504c58eace11c1bc2afcdf44e3ff20de8ca427ca1d0e",
                "sha256:65ad3ff837c89a229d626b8004f0ee32110f9bfdb6a88b76a80df36ccc60d926",
                "sha256:666c6b32b69e56221ad1551d377f718ed00e6167c7a1b9257f780b105a101271",
                "sha256:6e994003e719458420e14ffb43c08f4c14990e20d9e077cb5cad7a3e419bbb54",
                "sha256:72bf437d54186d104388cbae73c9f2b0f8a3e11b6e8d7deb593bd14625c96026",
                "sha256:738e823a746841248b56f0f3bd6abf3b73af191d1fd65e4c723b9c456216f0ad",
                "sha256:78287731e3601ea5ce9d6468c82d88a12ef8fe625d6b7bdec9b45d96c1ad6533",
                "sha256:7833c872718dc913f18e51ee97ea0dece61d9930893a58b20b3daf09bb1af6b6",
                "sha256:7e083d32965d2eb6638a77e65b622be32a094fdc0250f28ce6039b0732fbcaa8",
                "sha256:8186b5a4730c896cbe1e4b645bdc524e62d874351ae50e1db7c3e9f5dc81dc26",
                "sha256:8605add58e6a960729aa40c0fd9a20a55909dd9b586d3e8104cc7f45869e4c6b",
                "sha256:977ce557d79577a3dd510844904d5d968bfef9489f512be65e2882e1c6eed7d8",
                "sha256:994ce5a7b3d20981b81d83618aa4882f955bfa573efdbef033d5632b58597ba9",
                "sha256:9ad5895938a894c368d49d8470fe9f519909e5ebc6b8f8ea5190bd0df6aa4271",
                "sha256:9eb0a1923354e0fdd1c8a6f53f5db2e6180d670e2b587914bf2e79fa8acfd003",
                "sha256:a00284dbfb53b42e35c7dd99fc0e26ef89b4a34efff68078ed29d03ccb28402a",
                "sha256:a11a2c019324fc111485e79d55907e7289e53d0031275a6c8daed30690bc50c0",
                "sha256:ab6a0fe4c96f8058d41948ddf134420d3ef8c42d5508b5a341a440cce7a37a1d",
                "sha256:ae6de0e41f44794e68d23644636544ed8003ce24845f213b24de097cbf44997f",
                "sha256:b1d0a1bce919de0dd8da5cff4e616b2d9e6ebf3bd1410ff645318c3dd615010a",
                "sha256:b8e4f15b672c9156c1154249a9c5746e86ac9ae9edc3799ee3afebc323d9d9e0",
                "sha256:bbca34dca5a2d60f81326d908d77313816fad23d11b6069031a3d6b8c97a54f9",
                "sha256:bf656cd74ff7b4ed7006cdb2a6728150aaad69c7242b42a2a532f77b63ea233f",
                "sha256:c40966b683d92869b72ea3c11fd6b99a091fd30e12652727eca117273fc97366",
                "sha256:c95257aa2ccf75d3d91d772060538d5fea7f625e48157f8ca44594f94d41cb33",
                "sha256:db2797ed7a7e883b9ab76e8e778bb4c859fc2037d6fd0644d8675e64d58d1653",
                "sha256:dc5023be1c2a8b0a0ab5e31389e62c28b2453eb31dd069f4b8d1a0f9814d951a",
                "sha256:e14bceb1f3ae8a14374be2b2d7bc12a59226872285f91d66d301e5f41705d4d6",
                "sha256:e3c4f5211394cd0bf6874ac5d29684a495f9c374919833dcfff0bd6d37f96201",
                "sha256:e76f017b6d4140a038c5ff12be1581183d7874e41f1c0af58ecf07748d36a336",
                "sha256:e7d5606b9240ed4def9cbdf35be4308047d11e858b9c88a6c26974758d6225ce",
                "sha256:f0f80e323a17af63eac6a9db0c9188c10f1fd815c3ab299727150cc0eb92c7a4",
                "sha256:fb2fa2f6506c03c48ca42e3fe5a692d7470d290c047ee6de7c0f3e5fa7639ac9",
                "sha256:ffa8fee2b1b9e60b531c4c27cf528d6b5d5da46b1730db1f4d6eee56ff282e07"
            ],
            "markers": "python_version >= '3.6'",
            "version": "==6.1.1"
        },
        "hypothesis": {
            "hashes": [
                "sha256:4030f88ae0a8d3339a41dd7589c78d3ba0a3a270f729c12aceddaea7c60b224b",
                "sha256:f6b7b3b693fe00121a6c9edc04bedf6c48a75ea5ab02251e6023c4357a5369a5"
            ],
            "index": "pypi",
            "version": "==6.24.2"
        },
        "iniconfig": {
            "hashes": [
                "sha256:011e24c64b7f47f6ebd835bb12a743f2fbe9a26d4cecaa7f53bc4f35ee9da8b3",
                "sha256:bc3af051d7d14b2ee5ef9969666def0cd1a000e121eaea580d4a313df4b37f32"
            ],
            "version": "==1.1.1"
        },
        "mypy": {
            "hashes": [
                "sha256:088cd9c7904b4ad80bec811053272986611b84221835e079be5bcad029e79dd9",
                "sha256:0aadfb2d3935988ec3815952e44058a3100499f5be5b28c34ac9d79f002a4a9a",
                "sha256:119bed3832d961f3a880787bf621634ba042cb8dc850a7429f643508eeac97b9",
                "sha256:1a85e280d4d217150ce8cb1a6dddffd14e753a4e0c3cf90baabb32cefa41b59e",
                "sha256:3c4b8ca36877fc75339253721f69603a9c7fdb5d4d5a95a1a1b899d8b86a4de2",
                "sha256:3e382b29f8e0ccf19a2df2b29a167591245df90c0b5a2542249873b5c1d78212",
                "sha256:42c266ced41b65ed40a282c575705325fa7991af370036d3f134518336636f5b",
                "sha256:53fd2eb27a8ee2892614370896956af2ff61254c275aaee4c230ae771cadd885",
                "sha256:704098302473cb31a218f1775a873b376b30b4c18229421e9e9dc8916fd16150",
                "sha256:7df1ead20c81371ccd6091fa3e2878559b5c4d4caadaf1a484cf88d93ca06703",
                "sha256:866c41f28cee548475f146aa4d39a51cf3b6a84246969f3759cb3e9c742fc072",
                "sha256:a155d80ea6cee511a3694b108c4494a39f42de11ee4e61e72bc424c490e46457",
                "sha256:adaeee09bfde366d2c13fe6093a7df5df83c9a2ba98638c7d76b010694db760e",
                "sha256:b6fb13123aeef4a3abbcfd7e71773ff3ff1526a7d3dc538f3929a49b42be03f0",
                "sha256:b94e4b785e304a04ea0828759172a15add27088520dc7e49ceade7834275bedb",
                "sha256:c0df2d30ed496a08de5daed2a9ea807d07c21ae0ab23acf541ab88c24b26ab97",
                "sha256:c6c2602dffb74867498f86e6129fd52a2770c48b7cd3ece77ada4fa38f94eba8",
                "sha256:ceb6e0a6e27fb364fb3853389607cf7eb3a126ad335790fa1e14ed02fba50811",
                "sha256:d9dd839eb0dc1bbe866a288ba3c1afc33a202015d2ad83b31e875b5905a079b6",
                "sha256:e4dab234478e3bd3ce83bac4193b2ecd9cf94e720ddd95ce69840273bf44f6de",
                "sha256:ec4e0cd079db280b6bdabdc807047ff3e199f334050db5cbb91ba3e959a67504",
                "sha256:ecd2c3fe726758037234c93df7e98deb257fd15c24c9180dacf1ef829da5f921",
                "sha256:ef565033fa5a958e62796867b1df10c40263ea9ded87164d67572834e57a174d"
            ],
            "index": "pypi",
            "version": "==0.910"
        },
        "mypy-extensions": {
            "hashes": [
                "sha256:090fedd75945a69ae91ce1303b5824f428daf5a028d2f6ab8a299250a846f15d",
                "sha256:2d82818f5bb3e369420cb3c4060a7970edba416647068eb4c5343488a6c604a8"
            ],
            "index": "pypi",
            "version": "==0.4.3"
        },
        "packaging": {
            "hashes": [
                "sha256:096d689d78ca690e4cd8a89568ba06d07ca097e3306a4381635073ca91479966",
                "sha256:14317396d1e8cdb122989b916fa2c7e9ca8e2be9e8060a6eff75b6b7b4d8a7e0"
            ],
            "markers": "python_version >= '3.6'",
            "version": "==21.2"
        },
        "pathspec": {
            "hashes": [
                "sha256:7d15c4ddb0b5c802d161efc417ec1a2558ea2653c2e8ad9c19098201dc1c993a",
                "sha256:e564499435a2673d586f6b2130bb5b95f04a3ba06f81b8f895b651a3c76aabb1"
            ],
            "version": "==0.9.0"
        },
        "pluggy": {
            "hashes": [
                "sha256:4224373bacce55f955a878bf9cfa763c1e360858e330072059e10bad68531159",
                "sha256:74134bbf457f031a36d68416e1509f34bd5ccc019f0bcc952c7b909d06b37bd3"
            ],
            "markers": "python_version >= '3.6'",
            "version": "==1.0.0"
        },
        "py": {
            "hashes": [
                "sha256:51c75c4126074b472f746a24399ad32f6053d1b34b68d2fa41e558e6f4a98719",
                "sha256:607c53218732647dff4acdfcd50cb62615cedf612e72d1724fb1a0cc6405b378"
            ],
            "markers": "python_version >= '2.7' and python_version not in '3.0, 3.1, 3.2, 3.3, 3.4'",
            "version": "==1.11.0"
        },
        "py-spy": {
            "hashes": [
                "sha256:0912c5f6583773a51dd4305d987ae716258d8286da2baffa5347ea91018d3aaf",
                "sha256:2b33826e03054ca1adef151dcb53f0209158418ba1cb527d70ea2e60f82ebd59",
                "sha256:48431c8a4ebf1f7806582462c0e67cb9cf2457c1a5e63ab6e1b335fcf560597f",
                "sha256:50c9c27194d5393a70a7e5ae21c19c8f0e481adac64d8c21bb06d50980ea4739",
                "sha256:89a0ce8e2e9981847404e2c32c8117a663e4b5a2070965e93287960d1ae9df4a",
                "sha256:a38cc9c6f209c289478fa3c65ce9a8efe64b9f9c3dadadd475be8f28441d0e90",
                "sha256:baa6b2f7f5b6ec2c9192eb0046b953969a153ce784f6c4bd96a8a69f4ebeca40",
                "sha256:d52702f0af84602ada3eba2a99c3f4a6a3194aa7629f01a23ad7f0981bc43c3c"
            ],
            "index": "pypi",
            "version": "==0.3.10"
        },
        "pyparsing": {
            "hashes": [
                "sha256:c203ec8783bf771a155b207279b9bccb8dea02d8f0c9e5f8ead507bc3246ecc1",
                "sha256:ef9d7589ef3c200abe66653d3f1ab1033c3c419ae9b9bdb1240a85b024efc88b"
            ],
            "markers": "python_version >= '2.6' and python_version not in '3.0, 3.1, 3.2, 3.3'",
            "version": "==2.4.7"
        },
        "pyperclip": {
            "hashes": [
                "sha256:a3cb6df5d8f1557ca8fc514d94fabf50dc5a97042c90e5ba4f3611864fed3fc5"
            ],
            "version": "==1.5.27"
        },
        "pytest": {
            "hashes": [
                "sha256:131b36680866a76e6781d13f101efb86cf674ebb9762eb70d3082b6f29889e89",
                "sha256:7310f8d27bc79ced999e760ca304d69f6ba6c6649c0b60fb0e04a4a77cacc134"
            ],
            "index": "pypi",
            "version": "==6.2.5"
        },
        "pytest-approvaltests": {
            "hashes": [
                "sha256:0ca4c5d3ee8af57b44ed8b4ccfcd4d1ae3d98e189976dc83be26f769ec43d6df",
                "sha256:4aec67d822c1c9cef22895001fd482182950b9a21a09a5ed3793139b31b5fcd6"
            ],
            "index": "pypi",
            "version": "==0.2.3"
        },
        "pytest-cov": {
            "hashes": [
                "sha256:578d5d15ac4a25e5f961c938b85a05b09fdaae9deef3bb6de9a6e766622ca7a6",
                "sha256:e7f0f5b1617d2210a2cabc266dfe2f4c75a8d32fb89eafb7ad9d06f6d076d470"
            ],
            "index": "pypi",
            "version": "==3.0.0"
        },
        "regex": {
            "hashes": [
                "sha256:0075fe4e2c2720a685fef0f863edd67740ff78c342cf20b2a79bc19388edf5db",
                "sha256:0621c90f28d17260b41838b22c81a79ff436141b322960eb49c7b3f91d1cbab6",
                "sha256:070336382ca92c16c45b4066c4ba9fa83fb0bd13d5553a82e07d344df8d58a84",
                "sha256:075b0fdbaea81afcac5a39a0d1bb91de887dd0d93bf692a5dd69c430e7fc58cb",
                "sha256:07e3755e0f070bc31567dfe447a02011bfa8444239b3e9e5cca6773a22133839",
                "sha256:0ed3465acf8c7c10aa2e0f3d9671da410ead63b38a77283ef464cbb64275df58",
                "sha256:17e095f7f96a4b9f24b93c2c915f31a5201a6316618d919b0593afb070a5270e",
                "sha256:1d85ca137756d62c8138c971453cafe64741adad1f6a7e63a22a5a8abdbd19fa",
                "sha256:20605bfad484e1341b2cbfea0708e4b211d233716604846baa54b94821f487cb",
                "sha256:23f93e74409c210de4de270d4bf88fb8ab736a7400f74210df63a93728cf70d6",
                "sha256:2bb7cae741de1aa03e3dd3a7d98c304871eb155921ca1f0d7cc11f5aade913fd",
                "sha256:2e3ff69ab203b54ce5c480c3ccbe959394ea5beef6bd5ad1785457df7acea92e",
                "sha256:30fe317332de0e50195665bc61a27d46e903d682f94042c36b3f88cb84bd7958",
                "sha256:3576e173e7b4f88f683b4de7db0c2af1b209bb48b2bf1c827a6f3564fad59a97",
                "sha256:35ed5714467fc606551db26f80ee5d6aa1f01185586a7bccd96f179c4b974a11",
                "sha256:41c66bd6750237a8ed23028a6c9173dc0c92dc24c473e771d3bfb9ee817700c3",
                "sha256:48b4f4810117a9072a5aa70f7fea5f86fa9efbe9a798312e0a05044bd707cc33",
                "sha256:4abf35e16f4b639daaf05a2602c1b1d47370e01babf9821306aa138924e3fe92",
                "sha256:4fba661a4966adbd2c3c08d3caad6822ecb6878f5456588e2475ae23a6e47929",
                "sha256:5e85dcfc5d0f374955015ae12c08365b565c6f1eaf36dd182476a4d8e5a1cdb7",
                "sha256:77f9d16f7970791f17ecce7e7f101548314ed1ee2583d4268601f30af3170856",
                "sha256:7ee36d5113b6506b97f45f2e8447cb9af146e60e3f527d93013d19f6d0405f3b",
                "sha256:7fab29411d75c2eb48070020a40f80255936d7c31357b086e5931c107d48306e",
                "sha256:85289c25f658e3260b00178757c87f033f3d4b3e40aa4abdd4dc875ff11a94fb",
                "sha256:886f459db10c0f9d17c87d6594e77be915f18d343ee138e68d259eb385f044a8",
                "sha256:897c539f0f3b2c3a715be651322bef2167de1cdc276b3f370ae81a3bda62df71",
                "sha256:8fbe1768feafd3d0156556677b8ff234c7bf94a8110e906b2d73506f577a3269",
                "sha256:9267e4fba27e6dd1008c4f2983cc548c98b4be4444e3e342db11296c0f45512f",
                "sha256:9486ebda015913909bc28763c6b92fcc3b5e5a67dee4674bceed112109f5dfb8",
                "sha256:956187ff49db7014ceb31e88fcacf4cf63371e6e44d209cf8816cd4a2d61e11a",
                "sha256:a56735c35a3704603d9d7b243ee06139f0837bcac2171d9ba1d638ce1df0742a",
                "sha256:ab1fea8832976ad0bebb11f652b692c328043057d35e9ebc78ab0a7a30cf9a70",
                "sha256:adf35d88d9cffc202e6046e4c32e1e11a1d0238b2fcf095c94f109e510ececea",
                "sha256:af23b9ca9a874ef0ec20e44467b8edd556c37b0f46f93abfa93752ea7c0e8d1e",
                "sha256:b3794cea825f101fe0df9af8a00f9fad8e119c91e39a28636b95ee2b45b6c2e5",
                "sha256:bb11c982a849dc22782210b01d0c1b98eb3696ce655d58a54180774e4880ac66",
                "sha256:be30cd315db0168063a1755fa20a31119da91afa51da2907553493516e165640",
                "sha256:c6238d30dcff141de076344cf7f52468de61729c2f70d776fce12f55fe8df790",
                "sha256:cb1e44d860345ab5d4f533b6c37565a22f403277f44c4d2d5e06c325da959883",
                "sha256:d4bfe3bc3976ccaeb4ae32f51e631964e2f0e85b2b752721b7a02de5ce3b7f27",
                "sha256:d8ee91e1c295beb5c132ebd78616814de26fedba6aa8687ea460c7f5eb289b72",
                "sha256:e3c00cb5c71da655e1e5161481455479b613d500dd1bd252aa01df4f037c641f",
                "sha256:e9cec3a62d146e8e122d159ab93ac32c988e2ec0dcb1e18e9e53ff2da4fbd30c",
                "sha256:ef4e53e2fdc997d91f5b682f81f7dc9661db9a437acce28745d765d251902d85",
                "sha256:f0148988af0182a0a4e5020e7c168014f2c55a16d11179610f7883dd48ac0ebe",
                "sha256:f20f9f430c33597887ba9bd76635476928e76cad2981643ca8be277b8e97aa96",
                "sha256:f5930d334c2f607711d54761956aedf8137f83f1b764b9640be21d25a976f3a4",
                "sha256:f6a28e87ba69f3a4f30d775b179aac55be1ce59f55799328a0d9b6df8f16b39d",
                "sha256:f9ee98d658a146cb6507be720a0ce1b44f2abef8fb43c2859791d91aace17cd5"
            ],
            "version": "==2021.11.2"
        },
        "sortedcontainers": {
            "hashes": [
                "sha256:25caa5a06cc30b6b83d11423433f65d1f9d76c4c6a0c90e3379eaa43b9bfdb88",
                "sha256:a163dcaede0f1c021485e957a39245190e74249897e2ae4b2aa38595db237ee0"
            ],
            "version": "==2.4.0"
        },
        "toml": {
            "hashes": [
                "sha256:806143ae5bfb6a3c6e736a764057db0e6a0e05e338b5630894a5f779cabb4f9b",
                "sha256:b3bda1d108d5dd99f4a20d24d9c348e91c4db7ab1b749200bded2f839ccbe68f"
            ],
            "markers": "python_version >= '2.6' and python_version not in '3.0, 3.1, 3.2, 3.3'",
            "version": "==0.10.2"
        },
        "tomli": {
            "hashes": [
                "sha256:c6ce0015eb38820eaf32b5db832dbc26deb3dd427bd5f6556cf0acac2c214fee",
                "sha256:f04066f68f5554911363063a30b108d2b5a5b1a010aa8b6132af78489fe3aade"
            ],
            "version": "==1.2.2"
        },
        "typed-ast": {
            "hashes": [
                "sha256:01ae5f73431d21eead5015997ab41afa53aa1fbe252f9da060be5dad2c730ace",
                "sha256:067a74454df670dcaa4e59349a2e5c81e567d8d65458d480a5b3dfecec08c5ff",
                "sha256:0fb71b8c643187d7492c1f8352f2c15b4c4af3f6338f21681d3681b3dc31a266",
                "sha256:1b3ead4a96c9101bef08f9f7d1217c096f31667617b58de957f690c92378b528",
                "sha256:2068531575a125b87a41802130fa7e29f26c09a2833fea68d9a40cf33902eba6",
                "sha256:209596a4ec71d990d71d5e0d312ac935d86930e6eecff6ccc7007fe54d703808",
                "sha256:2c726c276d09fc5c414693a2de063f521052d9ea7c240ce553316f70656c84d4",
                "sha256:398e44cd480f4d2b7ee8d98385ca104e35c81525dd98c519acff1b79bdaac363",
                "sha256:52b1eb8c83f178ab787f3a4283f68258525f8d70f778a2f6dd54d3b5e5fb4341",
                "sha256:5feca99c17af94057417d744607b82dd0a664fd5e4ca98061480fd8b14b18d04",
                "sha256:7538e495704e2ccda9b234b82423a4038f324f3a10c43bc088a1636180f11a41",
                "sha256:760ad187b1041a154f0e4d0f6aae3e40fdb51d6de16e5c99aedadd9246450e9e",
                "sha256:777a26c84bea6cd934422ac2e3b78863a37017618b6e5c08f92ef69853e765d3",
                "sha256:95431a26309a21874005845c21118c83991c63ea800dd44843e42a916aec5899",
                "sha256:9ad2c92ec681e02baf81fdfa056fe0d818645efa9af1f1cd5fd6f1bd2bdfd805",
                "sha256:9c6d1a54552b5330bc657b7ef0eae25d00ba7ffe85d9ea8ae6540d2197a3788c",
                "sha256:aee0c1256be6c07bd3e1263ff920c325b59849dc95392a05f258bb9b259cf39c",
                "sha256:af3d4a73793725138d6b334d9d247ce7e5f084d96284ed23f22ee626a7b88e39",
                "sha256:b36b4f3920103a25e1d5d024d155c504080959582b928e91cb608a65c3a49e1a",
                "sha256:b9574c6f03f685070d859e75c7f9eeca02d6933273b5e69572e5ff9d5e3931c3",
                "sha256:bff6ad71c81b3bba8fa35f0f1921fb24ff4476235a6e94a26ada2e54370e6da7",
                "sha256:c190f0899e9f9f8b6b7863debfb739abcb21a5c054f911ca3596d12b8a4c4c7f",
                "sha256:c907f561b1e83e93fad565bac5ba9c22d96a54e7ea0267c708bffe863cbe4075",
                "sha256:cae53c389825d3b46fb37538441f75d6aecc4174f615d048321b716df2757fb0",
                "sha256:dd4a21253f42b8d2b48410cb31fe501d32f8b9fbeb1f55063ad102fe9c425e40",
                "sha256:dde816ca9dac1d9c01dd504ea5967821606f02e510438120091b84e852367428",
                "sha256:f2362f3cb0f3172c42938946dbc5b7843c2a28aec307c49100c8b38764eb6927",
                "sha256:f328adcfebed9f11301eaedfa48e15bdece9b519fb27e6a8c01aa52a17ec31b3",
                "sha256:f8afcf15cc511ada719a88e013cec87c11aff7b91f019295eb4530f96fe5ef2f",
                "sha256:fb1bbeac803adea29cedd70781399c99138358c26d05fcbd23c13016b7f5ec65"
            ],
            "version": "==1.4.3"
        },
        "typing-extensions": {
            "hashes": [
                "sha256:49f75d16ff11f1cd258e1b988ccff82a3ca5570217d7ad8c5f48205dd99a677e",
                "sha256:d8226d10bc02a29bcc81df19a26e56a9647f8b0a6d4a83924139f4a8b01f17b7",
                "sha256:f1d25edafde516b146ecd0613dabcc61409817af4766fbbcfb8d1ad4ec441a34"
            ],
            "version": "==3.10.0.2"
        }
    }
}
